
Microsoft Visual Studio Solution File, Format Version 12.00
# Visual Studio Version 17
VisualStudioVersion = 17.6.33723.286
MinimumVisualStudioVersion = 10.0.40219.1
Project("{FAE04EC0-301F-11D3-BF4B-00C04F79EFBC}") = "ResturantWFA", "RestaurantFormTest\ResturantWFA.csproj", "{B3F9B65B-5174-4BB5-84E9-F5AAB7ECA421}"
EndProject
Global
	GlobalSection(SolutionConfigurationPlatforms) = preSolution
		Debug|Any CPU = Debug|Any CPU
		Release|Any CPU = Release|Any CPU
	EndGlobalSection
	GlobalSection(ProjectConfigurationPlatforms) = postSolution
		{B3F9B65B-5174-4BB5-84E9-F5AAB7ECA421}.Debug|Any CPU.ActiveCfg = Debug|Any CPU
		{B3F9B65B-5174-4BB5-84E9-F5AAB7ECA421}.Debug|Any CPU.Build.0 = Debug|Any CPU
		{B3F9B65B-5174-4BB5-84E9-F5AAB7ECA421}.Release|Any CPU.ActiveCfg = Release|Any CPU
		{B3F9B65B-5174-4BB5-84E9-F5AAB7ECA421}.Release|Any CPU.Build.0 = Release|Any CPU
	EndGlobalSection
	GlobalSection(SolutionProperties) = preSolution
		HideSolutionNode = FALSE
	EndGlobalSection
	GlobalSection(ExtensibilityGlobals) = postSolution
		SolutionGuid = {1DC1207F-B309-4F5F-B980-A50245B92DD1}
	EndGlobalSection
EndGlobal
